
Microsoft Visual Studio Solution File, Format Version 12.00
# Visual Studio 15
VisualStudioVersion = 15.0.28307.572
MinimumVisualStudioVersion = 10.0.40219.1
Project("{FAE04EC0-301F-11D3-BF4B-00C04F79EFBC}") = "DataSet_Type", "DataSet_Type.csproj", "{3651FE25-C035-4C3B-A991-2E07181F65D1}"
EndProject
Project("{FAE04EC0-301F-11D3-BF4B-00C04F79EFBC}") = "ModeConnecte", "ModeConnecte\ModeConnecte.csproj", "{308ABFF9-64FE-40E9-A0D4-E7B67BB43BE6}"
EndProject
Global
	GlobalSection(SolutionConfigurationPlatforms) = preSolution
		Debug|Any CPU = Debug|Any CPU
		Release|Any CPU = Release|Any CPU
	EndGlobalSection
	GlobalSection(ProjectConfigurationPlatforms) = postSolution
		{3651FE25-C035-4C3B-A991-2E07181F65D1}.Debug|Any CPU.ActiveCfg = Debug|Any CPU
		{3651FE25-C035-4C3B-A991-2E07181F65D1}.Debug|Any CPU.Build.0 = Debug|Any CPU
		{3651FE25-C035-4C3B-A991-2E07181F65D1}.Release|Any CPU.ActiveCfg = Release|Any CPU
		{3651FE25-C035-4C3B-A991-2E07181F65D1}.Release|Any CPU.Build.0 = Release|Any CPU
		{308ABFF9-64FE-40E9-A0D4-E7B67BB43BE6}.Debug|Any CPU.ActiveCfg = Debug|Any CPU
		{308ABFF9-64FE-40E9-A0D4-E7B67BB43BE6}.Debug|Any CPU.Build.0 = Debug|Any CPU
		{308ABFF9-64FE-40E9-A0D4-E7B67BB43BE6}.Release|Any CPU.ActiveCfg = Release|Any CPU
		{308ABFF9-64FE-40E9-A0D4-E7B67BB43BE6}.Release|Any CPU.Build.0 = Release|Any CPU
	EndGlobalSection
	GlobalSection(SolutionProperties) = preSolution
		HideSolutionNode = FALSE
	EndGlobalSection
	GlobalSection(ExtensibilityGlobals) = postSolution
		SolutionGuid = {5B48AC03-818D-4102-B595-F94FB29CFDAC}
	EndGlobalSection
EndGlobal
